
Microsoft Visual Studio Solution File, Format Version 12.00
# Visual Studio Version 17
VisualStudioVersion = 17.5.33530.505
MinimumVisualStudioVersion = 10.0.40219.1
Project("{FAE04EC0-301F-11D3-BF4B-00C04F79EFBC}") = "NumberGuessingGame", "NumberGuessingGame\NumberGuessingGame.csproj", "{D9393774-128E-4236-9284-541B2863086C}"
EndProject
Global
	GlobalSection(SolutionConfigurationPlatforms) = preSolution
		Debug|Any CPU = Debug|Any CPU
		Release|Any CPU = Release|Any CPU
	EndGlobalSection
	GlobalSection(ProjectConfigurationPlatforms) = postSolution
		{D9393774-128E-4236-9284-541B2863086C}.Debug|Any CPU.ActiveCfg = Debug|Any CPU
		{D9393774-128E-4236-9284-541B2863086C}.Debug|Any CPU.Build.0 = Debug|Any CPU
		{D9393774-128E-4236-9284-541B2863086C}.Release|Any CPU.ActiveCfg = Release|Any CPU
		{D9393774-128E-4236-9284-541B2863086C}.Release|Any CPU.Build.0 = Release|Any CPU
	EndGlobalSection
	GlobalSection(SolutionProperties) = preSolution
		HideSolutionNode = FALSE
	EndGlobalSection
	GlobalSection(ExtensibilityGlobals) = postSolution
		SolutionGuid = {20390325-F696-40E9-9BC2-591764FAEDA1}
	EndGlobalSection
EndGlobal
